
Microsoft Visual Studio Solution File, Format Version 12.00
# Visual Studio 14
VisualStudioVersion = 14.0.25420.1
MinimumVisualStudioVersion = 10.0.40219.1
Project("{2150E333-8FDC-42A3-9474-1A3956D46DE8}") = "src", "src", "{57C9A687-FFCD-49B4-AE7D-D10DB8CB221C}"
EndProject
Project("{2150E333-8FDC-42A3-9474-1A3956D46DE8}") = "Solution Items", "Solution Items", "{2E67FD34-7DFE-4A01-8811-39D6A7833083}"
	ProjectSection(SolutionItems) = preProject
		global.json = global.json
	EndProjectSection
EndProject
Project("{8BB2217D-0F2D-49D1-97BC-3654ED321F3B}") = "RiskFirst.Hateoas.LinkConfigurationSample", "src\RiskFirst.Hateoas.LinkConfigurationSample\RiskFirst.Hateoas.LinkConfigurationSample.xproj", "{591E2EE1-08DF-4D0C-935E-EADC8BD25A11}"
EndProject
Project("{8BB2217D-0F2D-49D1-97BC-3654ED321F3B}") = "RiskFirst.Hateoas", "..\..\src\RiskFirst.Hateoas\RiskFirst.Hateoas.xproj", "{AD523AB1-1548-4A2E-80F3-7B2997C60D65}"
EndProject
Global
	GlobalSection(SolutionConfigurationPlatforms) = preSolution
		Debug|Any CPU = Debug|Any CPU
		Release|Any CPU = Release|Any CPU
	EndGlobalSection
	GlobalSection(ProjectConfigurationPlatforms) = postSolution
		{591E2EE1-08DF-4D0C-935E-EADC8BD25A11}.Debug|Any CPU.ActiveCfg = Debug|Any CPU
		{591E2EE1-08DF-4D0C-935E-EADC8BD25A11}.Debug|Any CPU.Build.0 = Debug|Any CPU
		{591E2EE1-08DF-4D0C-935E-EADC8BD25A11}.Release|Any CPU.ActiveCfg = Release|Any CPU
		{591E2EE1-08DF-4D0C-935E-EADC8BD25A11}.Release|Any CPU.Build.0 = Release|Any CPU
		{AD523AB1-1548-4A2E-80F3-7B2997C60D65}.Debug|Any CPU.ActiveCfg = Debug|Any CPU
		{AD523AB1-1548-4A2E-80F3-7B2997C60D65}.Debug|Any CPU.Build.0 = Debug|Any CPU
		{AD523AB1-1548-4A2E-80F3-7B2997C60D65}.Release|Any CPU.ActiveCfg = Release|Any CPU
		{AD523AB1-1548-4A2E-80F3-7B2997C60D65}.Release|Any CPU.Build.0 = Release|Any CPU
	EndGlobalSection
	GlobalSection(SolutionProperties) = preSolution
		HideSolutionNode = FALSE
	EndGlobalSection
	GlobalSection(NestedProjects) = preSolution
		{591E2EE1-08DF-4D0C-935E-EADC8BD25A11} = {57C9A687-FFCD-49B4-AE7D-D10DB8CB221C}
		{AD523AB1-1548-4A2E-80F3-7B2997C60D65} = {57C9A687-FFCD-49B4-AE7D-D10DB8CB221C}
	EndGlobalSection
EndGlobal
