
Microsoft Visual Studio Solution File, Format Version 12.00
# Visual Studio 15
VisualStudioVersion = 15.0.26403.3
MinimumVisualStudioVersion = 10.0.40219.1
Project("{2150E333-8FDC-42A3-9474-1A3956D46DE8}") = "src", "src", "{57C9A687-FFCD-49B4-AE7D-D10DB8CB221C}"
EndProject
Project("{2150E333-8FDC-42A3-9474-1A3956D46DE8}") = "Solution Items", "Solution Items", "{2E67FD34-7DFE-4A01-8811-39D6A7833083}"
EndProject
Project("{9A19103F-16F7-4668-BE54-9A1E7A4F7556}") = "RiskFirst.Hateoas.BasicSample", "src\RiskFirst.Hateoas.BasicSample\RiskFirst.Hateoas.BasicSample.csproj", "{591E2EE1-08DF-4D0C-935E-EADC8BD25A11}"
EndProject
Project("{9A19103F-16F7-4668-BE54-9A1E7A4F7556}") = "RiskFirst.Hateoas", "..\..\src\RiskFirst.Hateoas\RiskFirst.Hateoas.csproj", "{657C5EFD-C877-4CAD-A6B6-7AAD2849E344}"
EndProject
Global
	GlobalSection(SolutionConfigurationPlatforms) = preSolution
		Debug|Any CPU = Debug|Any CPU
		Release|Any CPU = Release|Any CPU
	EndGlobalSection
	GlobalSection(ProjectConfigurationPlatforms) = postSolution
		{591E2EE1-08DF-4D0C-935E-EADC8BD25A11}.Debug|Any CPU.ActiveCfg = Debug|Any CPU
		{591E2EE1-08DF-4D0C-935E-EADC8BD25A11}.Debug|Any CPU.Build.0 = Debug|Any CPU
		{591E2EE1-08DF-4D0C-935E-EADC8BD25A11}.Release|Any CPU.ActiveCfg = Release|Any CPU
		{591E2EE1-08DF-4D0C-935E-EADC8BD25A11}.Release|Any CPU.Build.0 = Release|Any CPU
		{657C5EFD-C877-4CAD-A6B6-7AAD2849E344}.Debug|Any CPU.ActiveCfg = Debug|Any CPU
		{657C5EFD-C877-4CAD-A6B6-7AAD2849E344}.Debug|Any CPU.Build.0 = Debug|Any CPU
		{657C5EFD-C877-4CAD-A6B6-7AAD2849E344}.Release|Any CPU.ActiveCfg = Release|Any CPU
		{657C5EFD-C877-4CAD-A6B6-7AAD2849E344}.Release|Any CPU.Build.0 = Release|Any CPU
	EndGlobalSection
	GlobalSection(SolutionProperties) = preSolution
		HideSolutionNode = FALSE
	EndGlobalSection
	GlobalSection(NestedProjects) = preSolution
		{591E2EE1-08DF-4D0C-935E-EADC8BD25A11} = {57C9A687-FFCD-49B4-AE7D-D10DB8CB221C}
		{657C5EFD-C877-4CAD-A6B6-7AAD2849E344} = {57C9A687-FFCD-49B4-AE7D-D10DB8CB221C}
	EndGlobalSection
EndGlobal
